
Microsoft Visual Studio Solution File, Format Version 12.00
# Visual Studio Version 16
VisualStudioVersion = 16.0.32228.343
MinimumVisualStudioVersion = 10.0.40219.1
Project("{FAE04EC0-301F-11D3-BF4B-00C04F79EFBC}") = "OrToolsSolver", "OrToolsSolver\OrToolsSolver.csproj", "{06F4914C-784D-4B2D-A859-26A471B3BAAC}"
EndProject
Global
	GlobalSection(SolutionConfigurationPlatforms) = preSolution
		Debug|Any CPU = Debug|Any CPU
		Release|Any CPU = Release|Any CPU
	EndGlobalSection
	GlobalSection(ProjectConfigurationPlatforms) = postSolution
		{06F4914C-784D-4B2D-A859-26A471B3BAAC}.Debug|Any CPU.ActiveCfg = Debug|Any CPU
		{06F4914C-784D-4B2D-A859-26A471B3BAAC}.Debug|Any CPU.Build.0 = Debug|Any CPU
		{06F4914C-784D-4B2D-A859-26A471B3BAAC}.Release|Any CPU.ActiveCfg = Release|Any CPU
		{06F4914C-784D-4B2D-A859-26A471B3BAAC}.Release|Any CPU.Build.0 = Release|Any CPU
	EndGlobalSection
	GlobalSection(SolutionProperties) = preSolution
		HideSolutionNode = FALSE
	EndGlobalSection
	GlobalSection(ExtensibilityGlobals) = postSolution
		SolutionGuid = {536259DA-CDA6-4B75-B636-4804669AB877}
	EndGlobalSection
EndGlobal
